
Microsoft Visual Studio Solution File, Format Version 12.00
# Visual Studio Version 17
VisualStudioVersion = 17.8.34408.163
MinimumVisualStudioVersion = 10.0.40219.1
Project("{8BC9CEB8-8B4A-11D0-8D11-00A0C91BC942}") = "Project_1_OS", "Project_1_OS\Project_1_OS.vcxproj", "{EE08EB24-5E56-4D15-A269-8956BDB287D2}"
EndProject
Global
	GlobalSection(SolutionConfigurationPlatforms) = preSolution
		Debug|x64 = Debug|x64
		Debug|x86 = Debug|x86
		Release|x64 = Release|x64
		Release|x86 = Release|x86
	EndGlobalSection
	GlobalSection(ProjectConfigurationPlatforms) = postSolution
		{EE08EB24-5E56-4D15-A269-8956BDB287D2}.Debug|x64.ActiveCfg = Debug|x64
		{EE08EB24-5E56-4D15-A269-8956BDB287D2}.Debug|x64.Build.0 = Debug|x64
		{EE08EB24-5E56-4D15-A269-8956BDB287D2}.Debug|x86.ActiveCfg = Debug|Win32
		{EE08EB24-5E56-4D15-A269-8956BDB287D2}.Debug|x86.Build.0 = Debug|Win32
		{EE08EB24-5E56-4D15-A269-8956BDB287D2}.Release|x64.ActiveCfg = Release|x64
		{EE08EB24-5E56-4D15-A269-8956BDB287D2}.Release|x64.Build.0 = Release|x64
		{EE08EB24-5E56-4D15-A269-8956BDB287D2}.Release|x86.ActiveCfg = Release|Win32
		{EE08EB24-5E56-4D15-A269-8956BDB287D2}.Release|x86.Build.0 = Release|Win32
	EndGlobalSection
	GlobalSection(SolutionProperties) = preSolution
		HideSolutionNode = FALSE
	EndGlobalSection
	GlobalSection(ExtensibilityGlobals) = postSolution
		SolutionGuid = {789A6E82-C454-47FC-B257-42EB6D3CEBB1}
	EndGlobalSection
EndGlobal
